<?xml version="1.0" encoding="utf-8"?>
<Project ToolsVersion="4.0" xmlns="http://schemas.microsoft.com/developer/msbuild/2003">
  <ItemGroup>
    <Filter Include="Source Files">
      <UniqueIdentifier>{4FC737F1-C7A5-4376-A066-2A32D752A2FF}</UniqueIdentifier>
      <Extensions>cpp;c;cc;cxx;def;odl;idl;hpj;bat;asm;asmx</Extensions>
    </Filter>
    <Filter Include="Header Files">
      <UniqueIdentifier>{93995380-89BD-4b04-88EB-625FBE52EBFB}</UniqueIdentifier>
      <Extensions>h;hh;hpp;hxx;hm;inl;inc;ipp;xsd</Extensions>
    </Filter>
    <Filter Include="Resource Files">
      <UniqueIdentifier>{67DA6AB6-F800-4c08-8B7A-83BB121AAD01}</UniqueIdentifier>
      <Extensions>rc;ico;cur;bmp;dlg;rc2;rct;bin;rgs;gif;jpg;jpeg;jpe;resx;tiff;tif;png;wav;mfcribbon-ms</Extensions>
    </Filter>
    <Filter Include="Source Files\Cells">
      <UniqueIdentifier>{dd98c344-d040-4394-967a-863cdb388e70}</UniqueIdentifier>
    </Filter>
    <Filter Include="Source Files\Figures">
      <UniqueIdentifier>{efc74531-03b8-469a-98f3-c5c375749477}</UniqueIdentifier>
    </Filter>
    <Filter Include="Header Files\Cells">
      <UniqueIdentifier>{43c8d5b5-f003-4a6f-9117-4c1bd6a14c18}</UniqueIdentifier>
    </Filter>
    <Filter Include="Header Files\Figures">
      <UniqueIdentifier>{ad6ea169-4a5d-42a6-9bda-de498c532651}</UniqueIdentifier>
    </Filter>
  </ItemGroup>
  <ItemGroup>
    <ClInclude Include="pch.h">
      <Filter>Header Files</Filter>
    </ClInclude>
    <ClInclude Include="PlayField.h">
      <Filter>Header Files</Filter>
    </ClInclude>
    <ClInclude Include="BarierCell.h">
      <Filter>Header Files\Cells</Filter>
    </ClInclude>
    <ClInclude Include="JailCell.h">
      <Filter>Header Files\Cells</Filter>
    </ClInclude>
    <ClInclude Include="Figure.h">
      <Filter>Header Files\Figures</Filter>
    </ClInclude>
    <ClInclude Include="PacManFigure.h">
      <Filter>Header Files\Figures</Filter>
    </ClInclude>
    <ClInclude Include="RedFigure.h">
      <Filter>Header Files\Figures</Filter>
    </ClInclude>
    <ClInclude Include="FieldLabyrinth.h">
      <Filter>Header Files</Filter>
    </ClInclude>
    <ClInclude Include="Game.h">
      <Filter>Header Files</Filter>
    </ClInclude>
    <ClInclude Include="OrangeFigure.h">
      <Filter>Header Files\Figures</Filter>
    </ClInclude>
    <ClInclude Include="PinkFigure.h">
      <Filter>Header Files\Figures</Filter>
    </ClInclude>
    <ClInclude Include="Figures.h">
      <Filter>Header Files\Figures</Filter>
    </ClInclude>
    <ClInclude Include="CyanFigure.h">
      <Filter>Header Files\Figures</Filter>
    </ClInclude>
    <ClInclude Include="PlayCell.h">
      <Filter>Header Files\Cells</Filter>
    </ClInclude>
    <ClInclude Include="Cell.h">
      <Filter>Header Files\Cells</Filter>
    </ClInclude>
    <ClInclude Include="Cells.h">
      <Filter>Header Files\Cells</Filter>
    </ClInclude>
    <ClInclude Include="CStopwatch.h">
      <Filter>Header Files</Filter>
    </ClInclude>
  </ItemGroup>
  <ItemGroup>
    <ClCompile Include="pch.cpp">
      <Filter>Source Files</Filter>
    </ClCompile>
    <ClCompile Include="PlayField.cpp">
      <Filter>Source Files</Filter>
    </ClCompile>
    <ClCompile Include="BarierCell.cpp">
      <Filter>Source Files\Cells</Filter>
    </ClCompile>
    <ClCompile Include="PlayCell.cpp">
      <Filter>Source Files\Cells</Filter>
    </ClCompile>
    <ClCompile Include="Figure.cpp">
      <Filter>Source Files\Figures</Filter>
    </ClCompile>
    <ClCompile Include="PacManFigure.cpp">
      <Filter>Source Files\Figures</Filter>
    </ClCompile>
    <ClCompile Include="RedFigure.cpp">
      <Filter>Source Files\Figures</Filter>
    </ClCompile>
    <ClCompile Include="JailCell.cpp">
      <Filter>Source Files\Cells</Filter>
    </ClCompile>
    <ClCompile Include="main.cpp">
      <Filter>Source Files</Filter>
    </ClCompile>
    <ClCompile Include="Game.cpp">
      <Filter>Source Files</Filter>
    </ClCompile>
    <ClCompile Include="PinkFigure.cpp">
      <Filter>Source Files\Figures</Filter>
    </ClCompile>
    <ClCompile Include="OrangeFigure.cpp">
      <Filter>Source Files\Figures</Filter>
    </ClCompile>
    <ClCompile Include="CyanFigure.cpp">
      <Filter>Source Files\Figures</Filter>
    </ClCompile>
    <ClCompile Include="Cell.cpp">
      <Filter>Source Files\Cells</Filter>
    </ClCompile>
    <ClCompile Include="CStopwatch.cpp">
      <Filter>Source Files</Filter>
    </ClCompile>
  </ItemGroup>
</Project>